
Microsoft Visual Studio Solution File, Format Version 12.00
# Visual Studio Version 17
VisualStudioVersion = 17.10.34916.146
MinimumVisualStudioVersion = 10.0.40219.1
Project("{FAE04EC0-301F-11D3-BF4B-00C04F79EFBC}") = "Exercicio1", "Exercicio1\Exercicio1.csproj", "{39DB79AA-C53E-46CF-BB97-4FA545F48EA1}"
EndProject
Project("{FAE04EC0-301F-11D3-BF4B-00C04F79EFBC}") = "Exercicio2", "Exercicio2\Exercicio2.csproj", "{03168575-FEE5-4916-8C31-22D04B1DC31F}"
EndProject
Project("{FAE04EC0-301F-11D3-BF4B-00C04F79EFBC}") = "Exercicio3", "Exercicio3\Exercicio3.csproj", "{1AFC9866-7438-4BF9-A041-F76D70FB78E1}"
EndProject
Project("{FAE04EC0-301F-11D3-BF4B-00C04F79EFBC}") = "Exercicio4", "Exercicio4\Exercicio4.csproj", "{8AEBDCF7-3827-47FB-B07A-4ECBC4615F9B}"
EndProject
Project("{FAE04EC0-301F-11D3-BF4B-00C04F79EFBC}") = "Exercicio5", "Exercicio5\Exercicio5.csproj", "{29154096-B982-4851-8CDD-9DAA8F2AC58E}"
EndProject
Project("{FAE04EC0-301F-11D3-BF4B-00C04F79EFBC}") = "Exercicio6", "Exercicio6\Exercicio6.csproj", "{13F93C32-10E0-4F7E-BF6D-52D4259E1946}"
EndProject
Project("{FAE04EC0-301F-11D3-BF4B-00C04F79EFBC}") = "Exercicio7", "Exercicio7\Exercicio7.csproj", "{E30E582E-9BE7-4FD1-89FA-55002FCB2F92}"
EndProject
Project("{FAE04EC0-301F-11D3-BF4B-00C04F79EFBC}") = "Exercicio8", "Exercicio8\Exercicio8.csproj", "{2440377D-56C6-446E-A263-8155B60CED7C}"
EndProject
Project("{FAE04EC0-301F-11D3-BF4B-00C04F79EFBC}") = "Exercicio9", "Exercicio9\Exercicio9.csproj", "{D9DBCC97-1BAA-4A2E-827A-31D953EF71CB}"
EndProject
Project("{FAE04EC0-301F-11D3-BF4B-00C04F79EFBC}") = "Exercicio 10", "Exercicio 10\Exercicio 10.csproj", "{990F1F98-4DDD-41E3-B81E-DF97E41D5A60}"
EndProject
Project("{FAE04EC0-301F-11D3-BF4B-00C04F79EFBC}") = "Exercicio 11", "Exercicio 11\Exercicio 11.csproj", "{BA18B481-EC1A-4933-8FE7-0529486B0D3D}"
EndProject
Project("{FAE04EC0-301F-11D3-BF4B-00C04F79EFBC}") = "Exercicio 12", "Exercicio 12\Exercicio 12.csproj", "{B7273B3D-3C00-483F-985A-2583C43A88EF}"
EndProject
Global
	GlobalSection(SolutionConfigurationPlatforms) = preSolution
		Debug|Any CPU = Debug|Any CPU
		Release|Any CPU = Release|Any CPU
	EndGlobalSection
	GlobalSection(ProjectConfigurationPlatforms) = postSolution
		{39DB79AA-C53E-46CF-BB97-4FA545F48EA1}.Debug|Any CPU.ActiveCfg = Debug|Any CPU
		{39DB79AA-C53E-46CF-BB97-4FA545F48EA1}.Debug|Any CPU.Build.0 = Debug|Any CPU
		{39DB79AA-C53E-46CF-BB97-4FA545F48EA1}.Release|Any CPU.ActiveCfg = Release|Any CPU
		{39DB79AA-C53E-46CF-BB97-4FA545F48EA1}.Release|Any CPU.Build.0 = Release|Any CPU
		{03168575-FEE5-4916-8C31-22D04B1DC31F}.Debug|Any CPU.ActiveCfg = Debug|Any CPU
		{03168575-FEE5-4916-8C31-22D04B1DC31F}.Debug|Any CPU.Build.0 = Debug|Any CPU
		{03168575-FEE5-4916-8C31-22D04B1DC31F}.Release|Any CPU.ActiveCfg = Release|Any CPU
		{03168575-FEE5-4916-8C31-22D04B1DC31F}.Release|Any CPU.Build.0 = Release|Any CPU
		{1AFC9866-7438-4BF9-A041-F76D70FB78E1}.Debug|Any CPU.ActiveCfg = Debug|Any CPU
		{1AFC9866-7438-4BF9-A041-F76D70FB78E1}.Debug|Any CPU.Build.0 = Debug|Any CPU
		{1AFC9866-7438-4BF9-A041-F76D70FB78E1}.Release|Any CPU.ActiveCfg = Release|Any CPU
		{1AFC9866-7438-4BF9-A041-F76D70FB78E1}.Release|Any CPU.Build.0 = Release|Any CPU
		{8AEBDCF7-3827-47FB-B07A-4ECBC4615F9B}.Debug|Any CPU.ActiveCfg = Debug|Any CPU
		{8AEBDCF7-3827-47FB-B07A-4ECBC4615F9B}.Debug|Any CPU.Build.0 = Debug|Any CPU
		{8AEBDCF7-3827-47FB-B07A-4ECBC4615F9B}.Release|Any CPU.ActiveCfg = Release|Any CPU
		{8AEBDCF7-3827-47FB-B07A-4ECBC4615F9B}.Release|Any CPU.Build.0 = Release|Any CPU
		{29154096-B982-4851-8CDD-9DAA8F2AC58E}.Debug|Any CPU.ActiveCfg = Debug|Any CPU
		{29154096-B982-4851-8CDD-9DAA8F2AC58E}.Debug|Any CPU.Build.0 = Debug|Any CPU
		{29154096-B982-4851-8CDD-9DAA8F2AC58E}.Release|Any CPU.ActiveCfg = Release|Any CPU
		{29154096-B982-4851-8CDD-9DAA8F2AC58E}.Release|Any CPU.Build.0 = Release|Any CPU
		{13F93C32-10E0-4F7E-BF6D-52D4259E1946}.Debug|Any CPU.ActiveCfg = Debug|Any CPU
		{13F93C32-10E0-4F7E-BF6D-52D4259E1946}.Debug|Any CPU.Build.0 = Debug|Any CPU
		{13F93C32-10E0-4F7E-BF6D-52D4259E1946}.Release|Any CPU.ActiveCfg = Release|Any CPU
		{13F93C32-10E0-4F7E-BF6D-52D4259E1946}.Release|Any CPU.Build.0 = Release|Any CPU
		{E30E582E-9BE7-4FD1-89FA-55002FCB2F92}.Debug|Any CPU.ActiveCfg = Debug|Any CPU
		{E30E582E-9BE7-4FD1-89FA-55002FCB2F92}.Debug|Any CPU.Build.0 = Debug|Any CPU
		{E30E582E-9BE7-4FD1-89FA-55002FCB2F92}.Release|Any CPU.ActiveCfg = Release|Any CPU
		{E30E582E-9BE7-4FD1-89FA-55002FCB2F92}.Release|Any CPU.Build.0 = Release|Any CPU
		{2440377D-56C6-446E-A263-8155B60CED7C}.Debug|Any CPU.ActiveCfg = Debug|Any CPU
		{2440377D-56C6-446E-A263-8155B60CED7C}.Debug|Any CPU.Build.0 = Debug|Any CPU
		{2440377D-56C6-446E-A263-8155B60CED7C}.Release|Any CPU.ActiveCfg = Release|Any CPU
		{2440377D-56C6-446E-A263-8155B60CED7C}.Release|Any CPU.Build.0 = Release|Any CPU
		{D9DBCC97-1BAA-4A2E-827A-31D953EF71CB}.Debug|Any CPU.ActiveCfg = Debug|Any CPU
		{D9DBCC97-1BAA-4A2E-827A-31D953EF71CB}.Debug|Any CPU.Build.0 = Debug|Any CPU
		{D9DBCC97-1BAA-4A2E-827A-31D953EF71CB}.Release|Any CPU.ActiveCfg = Release|Any CPU
		{D9DBCC97-1BAA-4A2E-827A-31D953EF71CB}.Release|Any CPU.Build.0 = Release|Any CPU
		{990F1F98-4DDD-41E3-B81E-DF97E41D5A60}.Debug|Any CPU.ActiveCfg = Debug|Any CPU
		{990F1F98-4DDD-41E3-B81E-DF97E41D5A60}.Debug|Any CPU.Build.0 = Debug|Any CPU
		{990F1F98-4DDD-41E3-B81E-DF97E41D5A60}.Release|Any CPU.ActiveCfg = Release|Any CPU
		{990F1F98-4DDD-41E3-B81E-DF97E41D5A60}.Release|Any CPU.Build.0 = Release|Any CPU
		{BA18B481-EC1A-4933-8FE7-0529486B0D3D}.Debug|Any CPU.ActiveCfg = Debug|Any CPU
		{BA18B481-EC1A-4933-8FE7-0529486B0D3D}.Debug|Any CPU.Build.0 = Debug|Any CPU
		{BA18B481-EC1A-4933-8FE7-0529486B0D3D}.Release|Any CPU.ActiveCfg = Release|Any CPU
		{BA18B481-EC1A-4933-8FE7-0529486B0D3D}.Release|Any CPU.Build.0 = Release|Any CPU
		{B7273B3D-3C00-483F-985A-2583C43A88EF}.Debug|Any CPU.ActiveCfg = Debug|Any CPU
		{B7273B3D-3C00-483F-985A-2583C43A88EF}.Debug|Any CPU.Build.0 = Debug|Any CPU
		{B7273B3D-3C00-483F-985A-2583C43A88EF}.Release|Any CPU.ActiveCfg = Release|Any CPU
		{B7273B3D-3C00-483F-985A-2583C43A88EF}.Release|Any CPU.Build.0 = Release|Any CPU
	EndGlobalSection
	GlobalSection(SolutionProperties) = preSolution
		HideSolutionNode = FALSE
	EndGlobalSection
	GlobalSection(ExtensibilityGlobals) = postSolution
		SolutionGuid = {C356A784-E9E7-46BA-B3A6-98C6E0154E6E}
	EndGlobalSection
EndGlobal
